
Microsoft Visual Studio Solution File, Format Version 12.00
# Visual Studio 2013
VisualStudioVersion = 12.0.21005.1
MinimumVisualStudioVersion = 10.0.40219.1
Project("{FAE04EC0-301F-11D3-BF4B-00C04F79EFBC}") = "MarJuz.FaceDetection", "MarJuz.FaceDetection\MarJuz.FaceDetection.csproj", "{13A1696F-56FC-4F40-8C2E-797CC11E97CA}"
EndProject
Project("{2150E333-8FDC-42A3-9474-1A3956D46DE8}") = "Business", "Business", "{341CECF6-F4EA-4AC8-B224-AC787627E109}"
EndProject
Project("{2150E333-8FDC-42A3-9474-1A3956D46DE8}") = "Data", "Data", "{D4F8F84B-52E1-46A6-BA36-73C14B107726}"
EndProject
Project("{2150E333-8FDC-42A3-9474-1A3956D46DE8}") = "Presentation", "Presentation", "{491C46DE-2089-4427-AB84-2492016B8756}"
EndProject
Project("{FAE04EC0-301F-11D3-BF4B-00C04F79EFBC}") = "MarJuz.FaceDetection.servises", "MarJuz.FaceDetection.servises\MarJuz.FaceDetection.servises.csproj", "{9117DFE4-9B08-4FD2-8161-967B34243BFF}"
EndProject
Project("{FAE04EC0-301F-11D3-BF4B-00C04F79EFBC}") = "FaceDet", "FaceDet\FaceDet.csproj", "{6AC92985-2CCA-4FF2-8975-E1CB4C4B2067}"
EndProject
Global
	GlobalSection(SolutionConfigurationPlatforms) = preSolution
		Debug|Any CPU = Debug|Any CPU
		Release|Any CPU = Release|Any CPU
	EndGlobalSection
	GlobalSection(ProjectConfigurationPlatforms) = postSolution
		{13A1696F-56FC-4F40-8C2E-797CC11E97CA}.Debug|Any CPU.ActiveCfg = Debug|Any CPU
		{13A1696F-56FC-4F40-8C2E-797CC11E97CA}.Debug|Any CPU.Build.0 = Debug|Any CPU
		{13A1696F-56FC-4F40-8C2E-797CC11E97CA}.Release|Any CPU.ActiveCfg = Release|Any CPU
		{13A1696F-56FC-4F40-8C2E-797CC11E97CA}.Release|Any CPU.Build.0 = Release|Any CPU
		{9117DFE4-9B08-4FD2-8161-967B34243BFF}.Debug|Any CPU.ActiveCfg = Debug|Any CPU
		{9117DFE4-9B08-4FD2-8161-967B34243BFF}.Debug|Any CPU.Build.0 = Debug|Any CPU
		{9117DFE4-9B08-4FD2-8161-967B34243BFF}.Release|Any CPU.ActiveCfg = Release|Any CPU
		{9117DFE4-9B08-4FD2-8161-967B34243BFF}.Release|Any CPU.Build.0 = Release|Any CPU
		{6AC92985-2CCA-4FF2-8975-E1CB4C4B2067}.Debug|Any CPU.ActiveCfg = Debug|Any CPU
		{6AC92985-2CCA-4FF2-8975-E1CB4C4B2067}.Debug|Any CPU.Build.0 = Debug|Any CPU
		{6AC92985-2CCA-4FF2-8975-E1CB4C4B2067}.Release|Any CPU.ActiveCfg = Release|Any CPU
		{6AC92985-2CCA-4FF2-8975-E1CB4C4B2067}.Release|Any CPU.Build.0 = Release|Any CPU
	EndGlobalSection
	GlobalSection(SolutionProperties) = preSolution
		HideSolutionNode = FALSE
	EndGlobalSection
	GlobalSection(NestedProjects) = preSolution
		{9117DFE4-9B08-4FD2-8161-967B34243BFF} = {341CECF6-F4EA-4AC8-B224-AC787627E109}
		{13A1696F-56FC-4F40-8C2E-797CC11E97CA} = {D4F8F84B-52E1-46A6-BA36-73C14B107726}
		{6AC92985-2CCA-4FF2-8975-E1CB4C4B2067} = {491C46DE-2089-4427-AB84-2492016B8756}
	EndGlobalSection
EndGlobal
